
Microsoft Visual Studio Solution File, Format Version 12.00
# Visual Studio 15
VisualStudioVersion = 15.0.26730.8
MinimumVisualStudioVersion = 10.0.40219.1
Project("{8BC9CEB8-8B4A-11D0-8D11-00A0C91BC942}") = "Project6", "Project6\Project6.vcxproj", "{69AB7371-4EAE-4D58-8388-EB5D74A9F886}"
EndProject
Global
	GlobalSection(SolutionConfigurationPlatforms) = preSolution
		Debug|x64 = Debug|x64
		Debug|x86 = Debug|x86
		Release|x64 = Release|x64
		Release|x86 = Release|x86
	EndGlobalSection
	GlobalSection(ProjectConfigurationPlatforms) = postSolution
		{69AB7371-4EAE-4D58-8388-EB5D74A9F886}.Debug|x64.ActiveCfg = Debug|x64
		{69AB7371-4EAE-4D58-8388-EB5D74A9F886}.Debug|x64.Build.0 = Debug|x64
		{69AB7371-4EAE-4D58-8388-EB5D74A9F886}.Debug|x86.ActiveCfg = Debug|Win32
		{69AB7371-4EAE-4D58-8388-EB5D74A9F886}.Debug|x86.Build.0 = Debug|Win32
		{69AB7371-4EAE-4D58-8388-EB5D74A9F886}.Release|x64.ActiveCfg = Release|x64
		{69AB7371-4EAE-4D58-8388-EB5D74A9F886}.Release|x64.Build.0 = Release|x64
		{69AB7371-4EAE-4D58-8388-EB5D74A9F886}.Release|x86.ActiveCfg = Release|Win32
		{69AB7371-4EAE-4D58-8388-EB5D74A9F886}.Release|x86.Build.0 = Release|Win32
	EndGlobalSection
	GlobalSection(SolutionProperties) = preSolution
		HideSolutionNode = FALSE
	EndGlobalSection
	GlobalSection(ExtensibilityGlobals) = postSolution
		SolutionGuid = {3C781081-EE24-4068-8EE7-AB6023B3A524}
	EndGlobalSection
EndGlobal
